
Microsoft Visual Studio Solution File, Format Version 12.00
# Visual Studio 15
VisualStudioVersion = 15.0.27703.2035
MinimumVisualStudioVersion = 10.0.40219.1
Project("{FAE04EC0-301F-11D3-BF4B-00C04F79EFBC}") = "LibContainingScenarios", "ClassLibrary1\LibContainingScenarios.csproj", "{1204CE73-27EC-4CFE-B738-B1B0C56CADAB}"
EndProject
Global
	GlobalSection(SolutionConfigurationPlatforms) = preSolution
		Debug|Any CPU = Debug|Any CPU
		Release|Any CPU = Release|Any CPU
	EndGlobalSection
	GlobalSection(ProjectConfigurationPlatforms) = postSolution
		{1204CE73-27EC-4CFE-B738-B1B0C56CADAB}.Debug|Any CPU.ActiveCfg = Debug|Any CPU
		{1204CE73-27EC-4CFE-B738-B1B0C56CADAB}.Debug|Any CPU.Build.0 = Debug|Any CPU
		{1204CE73-27EC-4CFE-B738-B1B0C56CADAB}.Release|Any CPU.ActiveCfg = Release|Any CPU
		{1204CE73-27EC-4CFE-B738-B1B0C56CADAB}.Release|Any CPU.Build.0 = Release|Any CPU
	EndGlobalSection
	GlobalSection(SolutionProperties) = preSolution
		HideSolutionNode = FALSE
	EndGlobalSection
	GlobalSection(ExtensibilityGlobals) = postSolution
		SolutionGuid = {828ED493-AA4F-4000-B139-07B884DBD995}
	EndGlobalSection
EndGlobal
